# THIS IS AN AUTOGENERATED FILE. DO NOT EDIT THIS FILE DIRECTLY.
# yarn lockfile v1


"@types/uuid@^8.3.3":
  version "8.3.3"
  resolved "https://registry.yarnpkg.com/@types/uuid/-/uuid-8.3.3.tgz#c6a60686d953dbd1b1d45e66f4ecdbd5d471b4d0"
  integrity sha512-0LbEEx1zxrYB3pgpd1M5lEhLcXjKJnYghvhTRgaBeUivLHMDM1TzF3IJ6hXU2+8uA4Xz+5BA63mtZo5DjVT8iA==
